
Microsoft Visual Studio Solution File, Format Version 12.00
# Visual Studio Version 17
VisualStudioVersion = 17.3.32901.215
MinimumVisualStudioVersion = 10.0.40219.1
Project("{FAE04EC0-301F-11D3-BF4B-00C04F79EFBC}") = "BassTabber", "BassTabber\BassTabber.csproj", "{C9C40E1D-48F3-45A7-9768-716175F06F42}"
EndProject
Global
	GlobalSection(SolutionConfigurationPlatforms) = preSolution
		Debug|Any CPU = Debug|Any CPU
		Release|Any CPU = Release|Any CPU
	EndGlobalSection
	GlobalSection(ProjectConfigurationPlatforms) = postSolution
		{C9C40E1D-48F3-45A7-9768-716175F06F42}.Debug|Any CPU.ActiveCfg = Debug|Any CPU
		{C9C40E1D-48F3-45A7-9768-716175F06F42}.Debug|Any CPU.Build.0 = Debug|Any CPU
		{C9C40E1D-48F3-45A7-9768-716175F06F42}.Release|Any CPU.ActiveCfg = Release|Any CPU
		{C9C40E1D-48F3-45A7-9768-716175F06F42}.Release|Any CPU.Build.0 = Release|Any CPU
	EndGlobalSection
	GlobalSection(SolutionProperties) = preSolution
		HideSolutionNode = FALSE
	EndGlobalSection
	GlobalSection(ExtensibilityGlobals) = postSolution
		SolutionGuid = {3609E3D8-8D72-44A9-924B-B43D2A205CC9}
	EndGlobalSection
EndGlobal
